
Microsoft Visual Studio Solution File, Format Version 12.00
# Visual Studio Version 17
VisualStudioVersion = 17.7.34031.279
MinimumVisualStudioVersion = 10.0.40219.1
Project("{FAE04EC0-301F-11D3-BF4B-00C04F79EFBC}") = "GDPictureMacVMDemo", "GDPictureMacVMDemo\GDPictureMacVMDemo.csproj", "{D492718C-57CC-4324-AD50-8250AA63903B}"
EndProject
Global
	GlobalSection(SolutionConfigurationPlatforms) = preSolution
		Debug|Any CPU = Debug|Any CPU
		Release|Any CPU = Release|Any CPU
	EndGlobalSection
	GlobalSection(ProjectConfigurationPlatforms) = postSolution
		{D492718C-57CC-4324-AD50-8250AA63903B}.Debug|Any CPU.ActiveCfg = Debug|Any CPU
		{D492718C-57CC-4324-AD50-8250AA63903B}.Debug|Any CPU.Build.0 = Debug|Any CPU
		{D492718C-57CC-4324-AD50-8250AA63903B}.Release|Any CPU.ActiveCfg = Release|Any CPU
		{D492718C-57CC-4324-AD50-8250AA63903B}.Release|Any CPU.Build.0 = Release|Any CPU
	EndGlobalSection
	GlobalSection(SolutionProperties) = preSolution
		HideSolutionNode = FALSE
	EndGlobalSection
	GlobalSection(ExtensibilityGlobals) = postSolution
		SolutionGuid = {AEE5A4D7-8FBA-4D15-B8FF-59480874129D}
	EndGlobalSection
EndGlobal
